
Microsoft Visual Studio Solution File, Format Version 12.00
# Visual Studio Version 17
VisualStudioVersion = 17.11.35327.3
MinimumVisualStudioVersion = 10.0.40219.1
Project("{FAE04EC0-301F-11D3-BF4B-00C04F79EFBC}") = "MvcProje", "MvcProje\MvcProje.csproj", "{20174E6F-6204-4514-B104-154BAD9FDC08}"
EndProject
Global
	GlobalSection(SolutionConfigurationPlatforms) = preSolution
		Debug|Any CPU = Debug|Any CPU
		Release|Any CPU = Release|Any CPU
	EndGlobalSection
	GlobalSection(ProjectConfigurationPlatforms) = postSolution
		{20174E6F-6204-4514-B104-154BAD9FDC08}.Debug|Any CPU.ActiveCfg = Debug|Any CPU
		{20174E6F-6204-4514-B104-154BAD9FDC08}.Debug|Any CPU.Build.0 = Debug|Any CPU
		{20174E6F-6204-4514-B104-154BAD9FDC08}.Release|Any CPU.ActiveCfg = Release|Any CPU
		{20174E6F-6204-4514-B104-154BAD9FDC08}.Release|Any CPU.Build.0 = Release|Any CPU
	EndGlobalSection
	GlobalSection(SolutionProperties) = preSolution
		HideSolutionNode = FALSE
	EndGlobalSection
	GlobalSection(ExtensibilityGlobals) = postSolution
		SolutionGuid = {2717215B-1707-42C6-8D43-B65A61923C01}
	EndGlobalSection
EndGlobal
